// !$*UTF8*$!
{
	archiveVersion = 1;
	classes = {
	};
	objectVersion = 55;
	objects = {

/* Begin PBXBuildFile section */
		351B9FAF29215F8D00D1D4AA /* BreweryModel.swift in Sources */ = {isa = PBXBuildFile; fileRef = 351B9FAE29215F8D00D1D4AA /* BreweryModel.swift */; };
		356EF544291C4B49003C2A00 /* AppDelegate.swift in Sources */ = {isa = PBXBuildFile; fileRef = 356EF543291C4B49003C2A00 /* AppDelegate.swift */; };
		356EF546291C4B49003C2A00 /* SceneDelegate.swift in Sources */ = {isa = PBXBuildFile; fileRef = 356EF545291C4B49003C2A00 /* SceneDelegate.swift */; };
		356EF54D291C4B4C003C2A00 /* Assets.xcassets in Resources */ = {isa = PBXBuildFile; fileRef = 356EF54C291C4B4C003C2A00 /* Assets.xcassets */; };
		356EF550291C4B4C003C2A00 /* LaunchScreen.storyboard in Resources */ = {isa = PBXBuildFile; fileRef = 356EF54E291C4B4C003C2A00 /* LaunchScreen.storyboard */; };
		356EF559291C4D76003C2A00 /* Extensions.swift in Sources */ = {isa = PBXBuildFile; fileRef = 356EF558291C4D76003C2A00 /* Extensions.swift */; };
		356EF55E291C4E07003C2A00 /* TitleLabel.swift in Sources */ = {isa = PBXBuildFile; fileRef = 356EF55D291C4E07003C2A00 /* TitleLabel.swift */; };
		356EF562291C4F38003C2A00 /* BodyLabel.swift in Sources */ = {isa = PBXBuildFile; fileRef = 356EF561291C4F38003C2A00 /* BodyLabel.swift */; };
		356EF564291C504F003C2A00 /* BreweryListController.swift in Sources */ = {isa = PBXBuildFile; fileRef = 356EF563291C504F003C2A00 /* BreweryListController.swift */; };
		356EF568291C59DD003C2A00 /* UIHelper.swift in Sources */ = {isa = PBXBuildFile; fileRef = 356EF567291C59DD003C2A00 /* UIHelper.swift */; };
		359A99DE291C60800036C729 /* BLItemCell.swift in Sources */ = {isa = PBXBuildFile; fileRef = 359A99DD291C60800036C729 /* BLItemCell.swift */; };
		359A99E1291D7B080036C729 /* PaddingLabel.swift in Sources */ = {isa = PBXBuildFile; fileRef = 359A99E0291D7B070036C729 /* PaddingLabel.swift */; };
		359A99E3291D7D340036C729 /* NavBar.swift in Sources */ = {isa = PBXBuildFile; fileRef = 359A99E2291D7D340036C729 /* NavBar.swift */; };
		359A99E7291D85C00036C729 /* Enums.swift in Sources */ = {isa = PBXBuildFile; fileRef = 359A99E6291D85C00036C729 /* Enums.swift */; };
		359A99E9291D863D0036C729 /* APIManager.swift in Sources */ = {isa = PBXBuildFile; fileRef = 359A99E8291D863D0036C729 /* APIManager.swift */; };
/* End PBXBuildFile section */

/* Begin PBXFileReference section */
		351B9FAE29215F8D00D1D4AA /* BreweryModel.swift */ = {isa = PBXFileReference; lastKnownFileType = sourcecode.swift; path = BreweryModel.swift; sourceTree = "<group>"; };
		356EF540291C4B48003C2A00 /* BrewLand.app */ = {isa = PBXFileReference; explicitFileType = wrapper.application; includeInIndex = 0; path = BrewLand.app; sourceTree = BUILT_PRODUCTS_DIR; };
		356EF543291C4B49003C2A00 /* AppDelegate.swift */ = {isa = PBXFileReference; lastKnownFileType = sourcecode.swift; path = AppDelegate.swift; sourceTree = "<group>"; };
		356EF545291C4B49003C2A00 /* SceneDelegate.swift */ = {isa = PBXFileReference; lastKnownFileType = sourcecode.swift; path = SceneDelegate.swift; sourceTree = "<group>"; };
		356EF54C291C4B4C003C2A00 /* Assets.xcassets */ = {isa = PBXFileReference; lastKnownFileType = folder.assetcatalog; path = Assets.xcassets; sourceTree = "<group>"; };
		356EF54F291C4B4C003C2A00 /* Base */ = {isa = PBXFileReference; lastKnownFileType = file.storyboard; name = Base; path = Base.lproj/LaunchScreen.storyboard; sourceTree = "<group>"; };
		356EF551291C4B4C003C2A00 /* Info.plist */ = {isa = PBXFileReference; lastKnownFileType = text.plist.xml; path = Info.plist; sourceTree = "<group>"; };
		356EF558291C4D76003C2A00 /* Extensions.swift */ = {isa = PBXFileReference; lastKnownFileType = sourcecode.swift; path = Extensions.swift; sourceTree = "<group>"; };
		356EF55D291C4E07003C2A00 /* TitleLabel.swift */ = {isa = PBXFileReference; lastKnownFileType = sourcecode.swift; path = TitleLabel.swift; sourceTree = "<group>"; };
		356EF561291C4F38003C2A00 /* BodyLabel.swift */ = {isa = PBXFileReference; lastKnownFileType = sourcecode.swift; path = BodyLabel.swift; sourceTree = "<group>"; };
		356EF563291C504F003C2A00 /* BreweryListController.swift */ = {isa = PBXFileReference; lastKnownFileType = sourcecode.swift; path = BreweryListController.swift; sourceTree = "<group>"; };
		356EF567291C59DD003C2A00 /* UIHelper.swift */ = {isa = PBXFileReference; lastKnownFileType = sourcecode.swift; path = UIHelper.swift; sourceTree = "<group>"; };
		359A99DD291C60800036C729 /* BLItemCell.swift */ = {isa = PBXFileReference; lastKnownFileType = sourcecode.swift; path = BLItemCell.swift; sourceTree = "<group>"; };
		359A99E0291D7B070036C729 /* PaddingLabel.swift */ = {isa = PBXFileReference; lastKnownFileType = sourcecode.swift; path = PaddingLabel.swift; sourceTree = "<group>"; };
		359A99E2291D7D340036C729 /* NavBar.swift */ = {isa = PBXFileReference; lastKnownFileType = sourcecode.swift; path = NavBar.swift; sourceTree = "<group>"; };
		359A99E6291D85C00036C729 /* Enums.swift */ = {isa = PBXFileReference; lastKnownFileType = sourcecode.swift; path = Enums.swift; sourceTree = "<group>"; };
		359A99E8291D863D0036C729 /* APIManager.swift */ = {isa = PBXFileReference; lastKnownFileType = sourcecode.swift; path = APIManager.swift; sourceTree = "<group>"; };
/* End PBXFileReference section */

/* Begin PBXFrameworksBuildPhase section */
		356EF53D291C4B48003C2A00 /* Frameworks */ = {
			isa = PBXFrameworksBuildPhase;
			buildActionMask = 2147483647;
			files = (
			);
			runOnlyForDeploymentPostprocessing = 0;
		};
/* End PBXFrameworksBuildPhase section */

/* Begin PBXGroup section */
		356EF537291C4B48003C2A00 = {
			isa = PBXGroup;
			children = (
				356EF542291C4B48003C2A00 /* BrewLand */,
				356EF541291C4B48003C2A00 /* Products */,
			);
			sourceTree = "<group>";
		};
		356EF541291C4B48003C2A00 /* Products */ = {
			isa = PBXGroup;
			children = (
				356EF540291C4B48003C2A00 /* BrewLand.app */,
			);
			name = Products;
			sourceTree = "<group>";
		};
		356EF542291C4B48003C2A00 /* BrewLand */ = {
			isa = PBXGroup;
			children = (
				359A99DF291C60850036C729 /* API */,
				356EF55C291C4DFC003C2A00 /* Elements */,
				356EF55B291C4DF4003C2A00 /* Views */,
				356EF55A291C4DEB003C2A00 /* Controllers */,
				356EF557291C4D6C003C2A00 /* Utils */,
				356EF543291C4B49003C2A00 /* AppDelegate.swift */,
				356EF545291C4B49003C2A00 /* SceneDelegate.swift */,
				356EF54C291C4B4C003C2A00 /* Assets.xcassets */,
				356EF54E291C4B4C003C2A00 /* LaunchScreen.storyboard */,
				356EF551291C4B4C003C2A00 /* Info.plist */,
			);
			path = BrewLand;
			sourceTree = "<group>";
		};
		356EF557291C4D6C003C2A00 /* Utils */ = {
			isa = PBXGroup;
			children = (
				356EF558291C4D76003C2A00 /* Extensions.swift */,
				356EF567291C59DD003C2A00 /* UIHelper.swift */,
				359A99E6291D85C00036C729 /* Enums.swift */,
			);
			path = Utils;
			sourceTree = "<group>";
		};
		356EF55A291C4DEB003C2A00 /* Controllers */ = {
			isa = PBXGroup;
			children = (
				356EF563291C504F003C2A00 /* BreweryListController.swift */,
			);
			path = Controllers;
			sourceTree = "<group>";
		};
		356EF55B291C4DF4003C2A00 /* Views */ = {
			isa = PBXGroup;
			children = (
				359A99DD291C60800036C729 /* BLItemCell.swift */,
			);
			path = Views;
			sourceTree = "<group>";
		};
		356EF55C291C4DFC003C2A00 /* Elements */ = {
			isa = PBXGroup;
			children = (
				356EF55D291C4E07003C2A00 /* TitleLabel.swift */,
				356EF561291C4F38003C2A00 /* BodyLabel.swift */,
				359A99E0291D7B070036C729 /* PaddingLabel.swift */,
				359A99E2291D7D340036C729 /* NavBar.swift */,
			);
			path = Elements;
			sourceTree = "<group>";
		};
		359A99DF291C60850036C729 /* API */ = {
			isa = PBXGroup;
			children = (
				359A99E8291D863D0036C729 /* APIManager.swift */,
				351B9FAE29215F8D00D1D4AA /* BreweryModel.swift */,
			);
			path = API;
			sourceTree = "<group>";
		};
/* End PBXGroup section */

/* Begin PBXNativeTarget section */
		356EF53F291C4B48003C2A00 /* BrewLand */ = {
			isa = PBXNativeTarget;
			buildConfigurationList = 356EF554291C4B4C003C2A00 /* Build configuration list for PBXNativeTarget "BrewLand" */;
			buildPhases = (
				356EF53C291C4B48003C2A00 /* Sources */,
				356EF53D291C4B48003C2A00 /* Frameworks */,
				356EF53E291C4B48003C2A00 /* Resources */,
			);
			buildRules = (
			);
			dependencies = (
			);
			name = BrewLand;
			productName = BrewLand;
			productReference = 356EF540291C4B48003C2A00 /* BrewLand.app */;
			productType = "com.apple.product-type.application";
		};
/* End PBXNativeTarget section */

/* Begin PBXProject section */
		356EF538291C4B48003C2A00 /* Project object */ = {
			isa = PBXProject;
			attributes = {
				BuildIndependentTargetsInParallel = 1;
				LastSwiftUpdateCheck = 1310;
				LastUpgradeCheck = 1310;
				TargetAttributes = {
					356EF53F291C4B48003C2A00 = {
						CreatedOnToolsVersion = 13.1;
					};
				};
			};
			buildConfigurationList = 356EF53B291C4B48003C2A00 /* Build configuration list for PBXProject "BrewLand" */;
			compatibilityVersion = "Xcode 13.0";
			developmentRegion = en;
			hasScannedForEncodings = 0;
			knownRegions = (
				en,
				Base,
			);
			mainGroup = 356EF537291C4B48003C2A00;
			productRefGroup = 356EF541291C4B48003C2A00 /* Products */;
			projectDirPath = "";
			projectRoot = "";
			targets = (
				356EF53F291C4B48003C2A00 /* BrewLand */,
			);
		};
/* End PBXProject section */

/* Begin PBXResourcesBuildPhase section */
		356EF53E291C4B48003C2A00 /* Resources */ = {
			isa = PBXResourcesBuildPhase;
			buildActionMask = 2147483647;
			files = (
				356EF550291C4B4C003C2A00 /* LaunchScreen.storyboard in Resources */,
				356EF54D291C4B4C003C2A00 /* Assets.xcassets in Resources */,
			);
			runOnlyForDeploymentPostprocessing = 0;
		};
/* End PBXResourcesBuildPhase section */

/* Begin PBXSourcesBuildPhase section */
		356EF53C291C4B48003C2A00 /* Sources */ = {
			isa = PBXSourcesBuildPhase;
			buildActionMask = 2147483647;
			files = (
				356EF562291C4F38003C2A00 /* BodyLabel.swift in Sources */,
				351B9FAF29215F8D00D1D4AA /* BreweryModel.swift in Sources */,
				359A99E7291D85C00036C729 /* Enums.swift in Sources */,
				356EF544291C4B49003C2A00 /* AppDelegate.swift in Sources */,
				356EF546291C4B49003C2A00 /* SceneDelegate.swift in Sources */,
				359A99E3291D7D340036C729 /* NavBar.swift in Sources */,
				356EF568291C59DD003C2A00 /* UIHelper.swift in Sources */,
				356EF55E291C4E07003C2A00 /* TitleLabel.swift in Sources */,
				356EF564291C504F003C2A00 /* BreweryListController.swift in Sources */,
				359A99DE291C60800036C729 /* BLItemCell.swift in Sources */,
				359A99E9291D863D0036C729 /* APIManager.swift in Sources */,
				356EF559291C4D76003C2A00 /* Extensions.swift in Sources */,
				359A99E1291D7B080036C729 /* PaddingLabel.swift in Sources */,
			);
			runOnlyForDeploymentPostprocessing = 0;
		};
/* End PBXSourcesBuildPhase section */

/* Begin PBXVariantGroup section */
		356EF54E291C4B4C003C2A00 /* LaunchScreen.storyboard */ = {
			isa = PBXVariantGroup;
			children = (
				356EF54F291C4B4C003C2A00 /* Base */,
			);
			name = LaunchScreen.storyboard;
			sourceTree = "<group>";
		};
/* End PBXVariantGroup section */

/* Begin XCBuildConfiguration section */
		356EF552291C4B4C003C2A00 /* Debug */ = {
			isa = XCBuildConfiguration;
			buildSettings = {
				ALWAYS_SEARCH_USER_PATHS = NO;
				CLANG_ANALYZER_NONNULL = YES;
				CLANG_ANALYZER_NUMBER_OBJECT_CONVERSION = YES_AGGRESSIVE;
				CLANG_CXX_LANGUAGE_STANDARD = "gnu++17";
				CLANG_CXX_LIBRARY = "libc++";
				CLANG_ENABLE_MODULES = YES;
				CLANG_ENABLE_OBJC_ARC = YES;
				CLANG_ENABLE_OBJC_WEAK = YES;
				CLANG_WARN_BLOCK_CAPTURE_AUTORELEASING = YES;
				CLANG_WARN_BOOL_CONVERSION = YES;
				CLANG_WARN_COMMA = YES;
				CLANG_WARN_CONSTANT_CONVERSION = YES;
				CLANG_WARN_DEPRECATED_OBJC_IMPLEMENTATIONS = YES;
				CLANG_WARN_DIRECT_OBJC_ISA_USAGE = YES_ERROR;
				CLANG_WARN_DOCUMENTATION_COMMENTS = YES;
				CLANG_WARN_EMPTY_BODY = YES;
				CLANG_WARN_ENUM_CONVERSION = YES;
				CLANG_WARN_INFINITE_RECURSION = YES;
				CLANG_WARN_INT_CONVERSION = YES;
				CLANG_WARN_NON_LITERAL_NULL_CONVERSION = YES;
				CLANG_WARN_OBJC_IMPLICIT_RETAIN_SELF = YES;
				CLANG_WARN_OBJC_LITERAL_CONVERSION = YES;
				CLANG_WARN_OBJC_ROOT_CLASS = YES_ERROR;
				CLANG_WARN_QUOTED_INCLUDE_IN_FRAMEWORK_HEADER = YES;
				CLANG_WARN_RANGE_LOOP_ANALYSIS = YES;
				CLANG_WARN_STRICT_PROTOTYPES = YES;
				CLANG_WARN_SUSPICIOUS_MOVE = YES;
				CLANG_WARN_UNGUARDED_AVAILABILITY = YES_AGGRESSIVE;
				CLANG_WARN_UNREACHABLE_CODE = YES;
				CLANG_WARN__DUPLICATE_METHOD_MATCH = YES;
				COPY_PHASE_STRIP = NO;
				DEBUG_INFORMATION_FORMAT = dwarf;
				ENABLE_STRICT_OBJC_MSGSEND = YES;
				ENABLE_TESTABILITY = YES;
				GCC_C_LANGUAGE_STANDARD = gnu11;
				GCC_DYNAMIC_NO_PIC = NO;
				GCC_NO_COMMON_BLOCKS = YES;
				GCC_OPTIMIZATION_LEVEL = 0;
				GCC_PREPROCESSOR_DEFINITIONS = (
					"DEBUG=1",
					"$(inherited)",
				);
				GCC_WARN_64_TO_32_BIT_CONVERSION = YES;
				GCC_WARN_ABOUT_RETURN_TYPE = YES_ERROR;
				GCC_WARN_UNDECLARED_SELECTOR = YES;
				GCC_WARN_UNINITIALIZED_AUTOS = YES_AGGRESSIVE;
				GCC_WARN_UNUSED_FUNCTION = YES;
				GCC_WARN_UNUSED_VARIABLE = YES;
				IPHONEOS_DEPLOYMENT_TARGET = 15.0;
				MTL_ENABLE_DEBUG_INFO = INCLUDE_SOURCE;
				MTL_FAST_MATH = YES;
				ONLY_ACTIVE_ARCH = YES;
				SDKROOT = iphoneos;
				SWIFT_ACTIVE_COMPILATION_CONDITIONS = DEBUG;
				SWIFT_OPTIMIZATION_LEVEL = "-Onone";
			};
			name = Debug;
		};
		356EF553291C4B4C003C2A00 /* Release */ = {
			isa = XCBuildConfiguration;
			buildSettings = {
				ALWAYS_SEARCH_USER_PATHS = NO;
				CLANG_ANALYZER_NONNULL = YES;
				CLANG_ANALYZER_NUMBER_OBJECT_CONVERSION = YES_AGGRESSIVE;
				CLANG_CXX_LANGUAGE_STANDARD = "gnu++17";
				CLANG_CXX_LIBRARY = "libc++";
				CLANG_ENABLE_MODULES = YES;
				CLANG_ENABLE_OBJC_ARC = YES;
				CLANG_ENABLE_OBJC_WEAK = YES;
				CLANG_WARN_BLOCK_CAPTURE_AUTORELEASING = YES;
				CLANG_WARN_BOOL_CONVERSION = YES;
				CLANG_WARN_COMMA = YES;
				CLANG_WARN_CONSTANT_CONVERSION = YES;
				CLANG_WARN_DEPRECATED_OBJC_IMPLEMENTATIONS = YES;
				CLANG_WARN_DIRECT_OBJC_ISA_USAGE = YES_ERROR;
				CLANG_WARN_DOCUMENTATION_COMMENTS = YES;
				CLANG_WARN_EMPTY_BODY = YES;
				CLANG_WARN_ENUM_CONVERSION = YES;
				CLANG_WARN_INFINITE_RECURSION = YES;
				CLANG_WARN_INT_CONVERSION = YES;
				CLANG_WARN_NON_LITERAL_NULL_CONVERSION = YES;
				CLANG_WARN_OBJC_IMPLICIT_RETAIN_SELF = YES;
				CLANG_WARN_OBJC_LITERAL_CONVERSION = YES;
				CLANG_WARN_OBJC_ROOT_CLASS = YES_ERROR;
				CLANG_WARN_QUOTED_INCLUDE_IN_FRAMEWORK_HEADER = YES;
				CLANG_WARN_RANGE_LOOP_ANALYSIS = YES;
				CLANG_WARN_STRICT_PROTOTYPES = YES;
				CLANG_WARN_SUSPICIOUS_MOVE = YES;
				CLANG_WARN_UNGUARDED_AVAILABILITY = YES_AGGRESSIVE;
				CLANG_WARN_UNREACHABLE_CODE = YES;
				CLANG_WARN__DUPLICATE_METHOD_MATCH = YES;
				COPY_PHASE_STRIP = NO;
				DEBUG_INFORMATION_FORMAT = "dwarf-with-dsym";
				ENABLE_NS_ASSERTIONS = NO;
				ENABLE_STRICT_OBJC_MSGSEND = YES;
				GCC_C_LANGUAGE_STANDARD = gnu11;
				GCC_NO_COMMON_BLOCKS = YES;
				GCC_WARN_64_TO_32_BIT_CONVERSION = YES;
				GCC_WARN_ABOUT_RETURN_TYPE = YES_ERROR;
				GCC_WARN_UNDECLARED_SELECTOR = YES;
				GCC_WARN_UNINITIALIZED_AUTOS = YES_AGGRESSIVE;
				GCC_WARN_UNUSED_FUNCTION = YES;
				GCC_WARN_UNUSED_VARIABLE = YES;
				IPHONEOS_DEPLOYMENT_TARGET = 15.0;
				MTL_ENABLE_DEBUG_INFO = NO;
				MTL_FAST_MATH = YES;
				SDKROOT = iphoneos;
				SWIFT_COMPILATION_MODE = wholemodule;
				SWIFT_OPTIMIZATION_LEVEL = "-O";
				VALIDATE_PRODUCT = YES;
			};
			name = Release;
		};
		356EF555291C4B4C003C2A00 /* Debug */ = {
			isa = XCBuildConfiguration;
			buildSettings = {
				ASSETCATALOG_COMPILER_APPICON_NAME = AppIcon;
				ASSETCATALOG_COMPILER_GLOBAL_ACCENT_COLOR_NAME = AccentColor;
				CODE_SIGN_STYLE = Automatic;
				CURRENT_PROJECT_VERSION = 1;
				DEVELOPMENT_TEAM = 9S2MZXD36G;
				GENERATE_INFOPLIST_FILE = YES;
				INFOPLIST_FILE = BrewLand/Info.plist;
				INFOPLIST_KEY_UIApplicationSupportsIndirectInputEvents = YES;
				INFOPLIST_KEY_UILaunchStoryboardName = LaunchScreen;
				INFOPLIST_KEY_UISupportedInterfaceOrientations_iPad = "UIInterfaceOrientationPortrait UIInterfaceOrientationPortraitUpsideDown UIInterfaceOrientationLandscapeLeft UIInterfaceOrientationLandscapeRight";
				INFOPLIST_KEY_UISupportedInterfaceOrientations_iPhone = "UIInterfaceOrientationPortrait UIInterfaceOrientationLandscapeLeft UIInterfaceOrientationLandscapeRight";
				IPHONEOS_DEPLOYMENT_TARGET = 14.0;
				LD_RUNPATH_SEARCH_PATHS = (
					"$(inherited)",
					"@executable_path/Frameworks",
				);
				MARKETING_VERSION = 1.0;
				PRODUCT_BUNDLE_IDENTIFIER = com.MKM.BrewLand;
				PRODUCT_NAME = "$(TARGET_NAME)";
				SWIFT_EMIT_LOC_STRINGS = YES;
				SWIFT_VERSION = 5.0;
				TARGETED_DEVICE_FAMILY = 1;
			};
			name = Debug;
		};
		356EF556291C4B4C003C2A00 /* Release */ = {
			isa = XCBuildConfiguration;
			buildSettings = {
				ASSETCATALOG_COMPILER_APPICON_NAME = AppIcon;
				ASSETCATALOG_COMPILER_GLOBAL_ACCENT_COLOR_NAME = AccentColor;
				CODE_SIGN_STYLE = Automatic;
				CURRENT_PROJECT_VERSION = 1;
				DEVELOPMENT_TEAM = 9S2MZXD36G;
				GENERATE_INFOPLIST_FILE = YES;
				INFOPLIST_FILE = BrewLand/Info.plist;
				INFOPLIST_KEY_UIApplicationSupportsIndirectInputEvents = YES;
				INFOPLIST_KEY_UILaunchStoryboardName = LaunchScreen;
				INFOPLIST_KEY_UISupportedInterfaceOrientations_iPad = "UIInterfaceOrientationPortrait UIInterfaceOrientationPortraitUpsideDown UIInterfaceOrientationLandscapeLeft UIInterfaceOrientationLandscapeRight";
				INFOPLIST_KEY_UISupportedInterfaceOrientations_iPhone = "UIInterfaceOrientationPortrait UIInterfaceOrientationLandscapeLeft UIInterfaceOrientationLandscapeRight";
				IPHONEOS_DEPLOYMENT_TARGET = 14.0;
				LD_RUNPATH_SEARCH_PATHS = (
					"$(inherited)",
					"@executable_path/Frameworks",
				);
				MARKETING_VERSION = 1.0;
				PRODUCT_BUNDLE_IDENTIFIER = com.MKM.BrewLand;
				PRODUCT_NAME = "$(TARGET_NAME)";
				SWIFT_EMIT_LOC_STRINGS = YES;
				SWIFT_VERSION = 5.0;
				TARGETED_DEVICE_FAMILY = 1;
			};
			name = Release;
		};
/* End XCBuildConfiguration section */

/* Begin XCConfigurationList section */
		356EF53B291C4B48003C2A00 /* Build configuration list for PBXProject "BrewLand" */ = {
			isa = XCConfigurationList;
			buildConfigurations = (
				356EF552291C4B4C003C2A00 /* Debug */,
				356EF553291C4B4C003C2A00 /* Release */,
			);
			defaultConfigurationIsVisible = 0;
			defaultConfigurationName = Release;
		};
		356EF554291C4B4C003C2A00 /* Build configuration list for PBXNativeTarget "BrewLand" */ = {
			isa = XCConfigurationList;
			buildConfigurations = (
				356EF555291C4B4C003C2A00 /* Debug */,
				356EF556291C4B4C003C2A00 /* Release */,
			);
			defaultConfigurationIsVisible = 0;
			defaultConfigurationName = Release;
		};
/* End XCConfigurationList section */
	};
	rootObject = 356EF538291C4B48003C2A00 /* Project object */;
}
